
Microsoft Visual Studio Solution File, Format Version 12.00
# Visual Studio Version 16
VisualStudioVersion = 16.0.29215.179
MinimumVisualStudioVersion = 10.0.40219.1
Project("{FAE04EC0-301F-11D3-BF4B-00C04F79EFBC}") = "AP4", "AP4\AP4.csproj", "{18DFB08D-849F-4349-8A19-82094A923ADD}"
EndProject
Global
	GlobalSection(SolutionConfigurationPlatforms) = preSolution
		Debug|Any CPU = Debug|Any CPU
		Release|Any CPU = Release|Any CPU
	EndGlobalSection
	GlobalSection(ProjectConfigurationPlatforms) = postSolution
		{18DFB08D-849F-4349-8A19-82094A923ADD}.Debug|Any CPU.ActiveCfg = Debug|Any CPU
		{18DFB08D-849F-4349-8A19-82094A923ADD}.Debug|Any CPU.Build.0 = Debug|Any CPU
		{18DFB08D-849F-4349-8A19-82094A923ADD}.Release|Any CPU.ActiveCfg = Release|Any CPU
		{18DFB08D-849F-4349-8A19-82094A923ADD}.Release|Any CPU.Build.0 = Release|Any CPU
	EndGlobalSection
	GlobalSection(SolutionProperties) = preSolution
		HideSolutionNode = FALSE
	EndGlobalSection
	GlobalSection(ExtensibilityGlobals) = postSolution
		SolutionGuid = {523442E8-FCF6-4F88-9C0C-6DA6FBE05561}
	EndGlobalSection
EndGlobal
